
Microsoft Visual Studio Solution File, Format Version 12.00
# Visual Studio Version 17
VisualStudioVersion = 17.7.34024.191
MinimumVisualStudioVersion = 10.0.40219.1
Project("{2150E333-8FDC-42A3-9474-1A3956D46DE8}") = "src", "src", "{4B28323B-7BB2-4992-B896-AF89D1F324A9}"
EndProject
Project("{FAE04EC0-301F-11D3-BF4B-00C04F79EFBC}") = "AgendaPro.WebApp", "src\AgendaPro.WebApp\AgendaPro.WebApp.csproj", "{FE3AE4F4-CE71-498B-A9A3-B55648C908DA}"
EndProject
Global
	GlobalSection(SolutionConfigurationPlatforms) = preSolution
		Debug|Any CPU = Debug|Any CPU
		Release|Any CPU = Release|Any CPU
	EndGlobalSection
	GlobalSection(ProjectConfigurationPlatforms) = postSolution
		{FE3AE4F4-CE71-498B-A9A3-B55648C908DA}.Debug|Any CPU.ActiveCfg = Debug|Any CPU
		{FE3AE4F4-CE71-498B-A9A3-B55648C908DA}.Debug|Any CPU.Build.0 = Debug|Any CPU
		{FE3AE4F4-CE71-498B-A9A3-B55648C908DA}.Release|Any CPU.ActiveCfg = Release|Any CPU
		{FE3AE4F4-CE71-498B-A9A3-B55648C908DA}.Release|Any CPU.Build.0 = Release|Any CPU
	EndGlobalSection
	GlobalSection(SolutionProperties) = preSolution
		HideSolutionNode = FALSE
	EndGlobalSection
	GlobalSection(NestedProjects) = preSolution
		{FE3AE4F4-CE71-498B-A9A3-B55648C908DA} = {4B28323B-7BB2-4992-B896-AF89D1F324A9}
	EndGlobalSection
	GlobalSection(ExtensibilityGlobals) = postSolution
		SolutionGuid = {5D3594A4-BAD9-4C6C-8075-ABD416C739A8}
	EndGlobalSection
EndGlobal
